// !$*UTF8*$!
{
	archiveVersion = 1;
	classes = {
	};
	objectVersion = 55;
	objects = {

/* Begin PBXBuildFile section */
		83C35AD52838F44600928A5B /* scripts.swift in Sources */ = {isa = PBXBuildFile; fileRef = 83C35AD42838F44600928A5B /* scripts.swift */; };
		83C35AD62838F44600928A5B /* scripts.swift in Sources */ = {isa = PBXBuildFile; fileRef = 83C35AD42838F44600928A5B /* scripts.swift */; };
		83CE5AA7282069A500BC2CD0 /* Tests_iOS.swift in Sources */ = {isa = PBXBuildFile; fileRef = 83CE5AA6282069A500BC2CD0 /* Tests_iOS.swift */; };
		83CE5AA9282069A500BC2CD0 /* Tests_iOSLaunchTests.swift in Sources */ = {isa = PBXBuildFile; fileRef = 83CE5AA8282069A500BC2CD0 /* Tests_iOSLaunchTests.swift */; };
		83CE5AB3282069A500BC2CD0 /* Tests_macOS.swift in Sources */ = {isa = PBXBuildFile; fileRef = 83CE5AB2282069A500BC2CD0 /* Tests_macOS.swift */; };
		83CE5AB5282069A500BC2CD0 /* Tests_macOSLaunchTests.swift in Sources */ = {isa = PBXBuildFile; fileRef = 83CE5AB4282069A500BC2CD0 /* Tests_macOSLaunchTests.swift */; };
		83CE5AB6282069A500BC2CD0 /* LunchTimeApp.swift in Sources */ = {isa = PBXBuildFile; fileRef = 83CE5A8E282069A400BC2CD0 /* LunchTimeApp.swift */; };
		83CE5AB7282069A500BC2CD0 /* LunchTimeApp.swift in Sources */ = {isa = PBXBuildFile; fileRef = 83CE5A8E282069A400BC2CD0 /* LunchTimeApp.swift */; };
		83CE5AB8282069A500BC2CD0 /* ContentView.swift in Sources */ = {isa = PBXBuildFile; fileRef = 83CE5A8F282069A400BC2CD0 /* ContentView.swift */; };
		83CE5AB9282069A500BC2CD0 /* ContentView.swift in Sources */ = {isa = PBXBuildFile; fileRef = 83CE5A8F282069A400BC2CD0 /* ContentView.swift */; };
		83CE5ABA282069A500BC2CD0 /* Assets.xcassets in Resources */ = {isa = PBXBuildFile; fileRef = 83CE5A90282069A500BC2CD0 /* Assets.xcassets */; };
		83CE5ABB282069A500BC2CD0 /* Assets.xcassets in Resources */ = {isa = PBXBuildFile; fileRef = 83CE5A90282069A500BC2CD0 /* Assets.xcassets */; };
/* End PBXBuildFile section */

/* Begin PBXContainerItemProxy section */
		83CE5AA3282069A500BC2CD0 /* PBXContainerItemProxy */ = {
			isa = PBXContainerItemProxy;
			containerPortal = 83CE5A89282069A400BC2CD0 /* Project object */;
			proxyType = 1;
			remoteGlobalIDString = 83CE5A94282069A500BC2CD0;
			remoteInfo = "LunchTime (iOS)";
		};
		83CE5AAF282069A500BC2CD0 /* PBXContainerItemProxy */ = {
			isa = PBXContainerItemProxy;
			containerPortal = 83CE5A89282069A400BC2CD0 /* Project object */;
			proxyType = 1;
			remoteGlobalIDString = 83CE5A9A282069A500BC2CD0;
			remoteInfo = "LunchTime (macOS)";
		};
/* End PBXContainerItemProxy section */

/* Begin PBXFileReference section */
		83C35AD42838F44600928A5B /* scripts.swift */ = {isa = PBXFileReference; lastKnownFileType = sourcecode.swift; path = scripts.swift; sourceTree = "<group>"; };
		83CE5A8E282069A400BC2CD0 /* LunchTimeApp.swift */ = {isa = PBXFileReference; lastKnownFileType = sourcecode.swift; path = LunchTimeApp.swift; sourceTree = "<group>"; };
		83CE5A8F282069A400BC2CD0 /* ContentView.swift */ = {isa = PBXFileReference; indentWidth = 4; lastKnownFileType = sourcecode.swift; path = ContentView.swift; sourceTree = "<group>"; tabWidth = 4; wrapsLines = 1; };
		83CE5A90282069A500BC2CD0 /* Assets.xcassets */ = {isa = PBXFileReference; lastKnownFileType = folder.assetcatalog; path = Assets.xcassets; sourceTree = "<group>"; };
		83CE5A95282069A500BC2CD0 /* LunchTime.app */ = {isa = PBXFileReference; explicitFileType = wrapper.application; includeInIndex = 0; path = LunchTime.app; sourceTree = BUILT_PRODUCTS_DIR; };
		83CE5A9B282069A500BC2CD0 /* LunchTime.app */ = {isa = PBXFileReference; explicitFileType = wrapper.application; includeInIndex = 0; path = LunchTime.app; sourceTree = BUILT_PRODUCTS_DIR; };
		83CE5A9D282069A500BC2CD0 /* macOS.entitlements */ = {isa = PBXFileReference; lastKnownFileType = text.plist.entitlements; path = macOS.entitlements; sourceTree = "<group>"; };
		83CE5AA2282069A500BC2CD0 /* Tests iOS.xctest */ = {isa = PBXFileReference; explicitFileType = wrapper.cfbundle; includeInIndex = 0; path = "Tests iOS.xctest"; sourceTree = BUILT_PRODUCTS_DIR; };
		83CE5AA6282069A500BC2CD0 /* Tests_iOS.swift */ = {isa = PBXFileReference; lastKnownFileType = sourcecode.swift; path = Tests_iOS.swift; sourceTree = "<group>"; };
		83CE5AA8282069A500BC2CD0 /* Tests_iOSLaunchTests.swift */ = {isa = PBXFileReference; lastKnownFileType = sourcecode.swift; path = Tests_iOSLaunchTests.swift; sourceTree = "<group>"; };
		83CE5AAE282069A500BC2CD0 /* Tests macOS.xctest */ = {isa = PBXFileReference; explicitFileType = wrapper.cfbundle; includeInIndex = 0; path = "Tests macOS.xctest"; sourceTree = BUILT_PRODUCTS_DIR; };
		83CE5AB2282069A500BC2CD0 /* Tests_macOS.swift */ = {isa = PBXFileReference; lastKnownFileType = sourcecode.swift; path = Tests_macOS.swift; sourceTree = "<group>"; };
		83CE5AB4282069A500BC2CD0 /* Tests_macOSLaunchTests.swift */ = {isa = PBXFileReference; lastKnownFileType = sourcecode.swift; path = Tests_macOSLaunchTests.swift; sourceTree = "<group>"; };
		83CE5ACB282070D200BC2CD0 /* LunchTime--iOS--Info.plist */ = {isa = PBXFileReference; lastKnownFileType = text.plist; path = "LunchTime--iOS--Info.plist"; sourceTree = "<group>"; };
/* End PBXFileReference section */

/* Begin PBXFrameworksBuildPhase section */
		83CE5A92282069A500BC2CD0 /* Frameworks */ = {
			isa = PBXFrameworksBuildPhase;
			buildActionMask = 2147483647;
			files = (
			);
			runOnlyForDeploymentPostprocessing = 0;
		};
		83CE5A98282069A500BC2CD0 /* Frameworks */ = {
			isa = PBXFrameworksBuildPhase;
			buildActionMask = 2147483647;
			files = (
			);
			runOnlyForDeploymentPostprocessing = 0;
		};
		83CE5A9F282069A500BC2CD0 /* Frameworks */ = {
			isa = PBXFrameworksBuildPhase;
			buildActionMask = 2147483647;
			files = (
			);
			runOnlyForDeploymentPostprocessing = 0;
		};
		83CE5AAB282069A500BC2CD0 /* Frameworks */ = {
			isa = PBXFrameworksBuildPhase;
			buildActionMask = 2147483647;
			files = (
			);
			runOnlyForDeploymentPostprocessing = 0;
		};
/* End PBXFrameworksBuildPhase section */

/* Begin PBXGroup section */
		83CE5A88282069A400BC2CD0 = {
			isa = PBXGroup;
			children = (
				83CE5ACB282070D200BC2CD0 /* LunchTime--iOS--Info.plist */,
				83CE5A8D282069A400BC2CD0 /* Shared */,
				83CE5A9C282069A500BC2CD0 /* macOS */,
				83CE5AA5282069A500BC2CD0 /* Tests iOS */,
				83CE5AB1282069A500BC2CD0 /* Tests macOS */,
				83CE5A96282069A500BC2CD0 /* Products */,
			);
			sourceTree = "<group>";
		};
		83CE5A8D282069A400BC2CD0 /* Shared */ = {
			isa = PBXGroup;
			children = (
				83CE5A8E282069A400BC2CD0 /* LunchTimeApp.swift */,
				83CE5A8F282069A400BC2CD0 /* ContentView.swift */,
				83C35AD42838F44600928A5B /* scripts.swift */,
				83CE5A90282069A500BC2CD0 /* Assets.xcassets */,
			);
			path = Shared;
			sourceTree = "<group>";
		};
		83CE5A96282069A500BC2CD0 /* Products */ = {
			isa = PBXGroup;
			children = (
				83CE5A95282069A500BC2CD0 /* LunchTime.app */,
				83CE5A9B282069A500BC2CD0 /* LunchTime.app */,
				83CE5AA2282069A500BC2CD0 /* Tests iOS.xctest */,
				83CE5AAE282069A500BC2CD0 /* Tests macOS.xctest */,
			);
			name = Products;
			sourceTree = "<group>";
		};
		83CE5A9C282069A500BC2CD0 /* macOS */ = {
			isa = PBXGroup;
			children = (
				83CE5A9D282069A500BC2CD0 /* macOS.entitlements */,
			);
			path = macOS;
			sourceTree = "<group>";
		};
		83CE5AA5282069A500BC2CD0 /* Tests iOS */ = {
			isa = PBXGroup;
			children = (
				83CE5AA6282069A500BC2CD0 /* Tests_iOS.swift */,
				83CE5AA8282069A500BC2CD0 /* Tests_iOSLaunchTests.swift */,
			);
			path = "Tests iOS";
			sourceTree = "<group>";
		};
		83CE5AB1282069A500BC2CD0 /* Tests macOS */ = {
			isa = PBXGroup;
			children = (
				83CE5AB2282069A500BC2CD0 /* Tests_macOS.swift */,
				83CE5AB4282069A500BC2CD0 /* Tests_macOSLaunchTests.swift */,
			);
			path = "Tests macOS";
			sourceTree = "<group>";
		};
/* End PBXGroup section */

/* Begin PBXNativeTarget section */
		83CE5A94282069A500BC2CD0 /* LunchTime (iOS) */ = {
			isa = PBXNativeTarget;
			buildConfigurationList = 83CE5ABE282069A500BC2CD0 /* Build configuration list for PBXNativeTarget "LunchTime (iOS)" */;
			buildPhases = (
				83CE5A91282069A500BC2CD0 /* Sources */,
				83CE5A92282069A500BC2CD0 /* Frameworks */,
				83CE5A93282069A500BC2CD0 /* Resources */,
			);
			buildRules = (
			);
			dependencies = (
			);
			name = "LunchTime (iOS)";
			productName = "LunchTime (iOS)";
			productReference = 83CE5A95282069A500BC2CD0 /* LunchTime.app */;
			productType = "com.apple.product-type.application";
		};
		83CE5A9A282069A500BC2CD0 /* LunchTime (macOS) */ = {
			isa = PBXNativeTarget;
			buildConfigurationList = 83CE5AC1282069A500BC2CD0 /* Build configuration list for PBXNativeTarget "LunchTime (macOS)" */;
			buildPhases = (
				83CE5A97282069A500BC2CD0 /* Sources */,
				83CE5A98282069A500BC2CD0 /* Frameworks */,
				83CE5A99282069A500BC2CD0 /* Resources */,
			);
			buildRules = (
			);
			dependencies = (
			);
			name = "LunchTime (macOS)";
			productName = "LunchTime (macOS)";
			productReference = 83CE5A9B282069A500BC2CD0 /* LunchTime.app */;
			productType = "com.apple.product-type.application";
		};
		83CE5AA1282069A500BC2CD0 /* Tests iOS */ = {
			isa = PBXNativeTarget;
			buildConfigurationList = 83CE5AC4282069A500BC2CD0 /* Build configuration list for PBXNativeTarget "Tests iOS" */;
			buildPhases = (
				83CE5A9E282069A500BC2CD0 /* Sources */,
				83CE5A9F282069A500BC2CD0 /* Frameworks */,
				83CE5AA0282069A500BC2CD0 /* Resources */,
			);
			buildRules = (
			);
			dependencies = (
				83CE5AA4282069A500BC2CD0 /* PBXTargetDependency */,
			);
			name = "Tests iOS";
			productName = "Tests iOS";
			productReference = 83CE5AA2282069A500BC2CD0 /* Tests iOS.xctest */;
			productType = "com.apple.product-type.bundle.ui-testing";
		};
		83CE5AAD282069A500BC2CD0 /* Tests macOS */ = {
			isa = PBXNativeTarget;
			buildConfigurationList = 83CE5AC7282069A500BC2CD0 /* Build configuration list for PBXNativeTarget "Tests macOS" */;
			buildPhases = (
				83CE5AAA282069A500BC2CD0 /* Sources */,
				83CE5AAB282069A500BC2CD0 /* Frameworks */,
				83CE5AAC282069A500BC2CD0 /* Resources */,
			);
			buildRules = (
			);
			dependencies = (
				83CE5AB0282069A500BC2CD0 /* PBXTargetDependency */,
			);
			name = "Tests macOS";
			productName = "Tests macOS";
			productReference = 83CE5AAE282069A500BC2CD0 /* Tests macOS.xctest */;
			productType = "com.apple.product-type.bundle.ui-testing";
		};
/* End PBXNativeTarget section */

/* Begin PBXProject section */
		83CE5A89282069A400BC2CD0 /* Project object */ = {
			isa = PBXProject;
			attributes = {
				BuildIndependentTargetsInParallel = 1;
				LastSwiftUpdateCheck = 1330;
				LastUpgradeCheck = 1340;
				TargetAttributes = {
					83CE5A94282069A500BC2CD0 = {
						CreatedOnToolsVersion = 13.3.1;
					};
					83CE5A9A282069A500BC2CD0 = {
						CreatedOnToolsVersion = 13.3.1;
					};
					83CE5AA1282069A500BC2CD0 = {
						CreatedOnToolsVersion = 13.3.1;
						TestTargetID = 83CE5A94282069A500BC2CD0;
					};
					83CE5AAD282069A500BC2CD0 = {
						CreatedOnToolsVersion = 13.3.1;
						TestTargetID = 83CE5A9A282069A500BC2CD0;
					};
				};
			};
			buildConfigurationList = 83CE5A8C282069A400BC2CD0 /* Build configuration list for PBXProject "LunchTime" */;
			compatibilityVersion = "Xcode 13.0";
			developmentRegion = en;
			hasScannedForEncodings = 0;
			knownRegions = (
				en,
				Base,
			);
			mainGroup = 83CE5A88282069A400BC2CD0;
			productRefGroup = 83CE5A96282069A500BC2CD0 /* Products */;
			projectDirPath = "";
			projectRoot = "";
			targets = (
				83CE5A94282069A500BC2CD0 /* LunchTime (iOS) */,
				83CE5A9A282069A500BC2CD0 /* LunchTime (macOS) */,
				83CE5AA1282069A500BC2CD0 /* Tests iOS */,
				83CE5AAD282069A500BC2CD0 /* Tests macOS */,
			);
		};
/* End PBXProject section */

/* Begin PBXResourcesBuildPhase section */
		83CE5A93282069A500BC2CD0 /* Resources */ = {
			isa = PBXResourcesBuildPhase;
			buildActionMask = 2147483647;
			files = (
				83CE5ABA282069A500BC2CD0 /* Assets.xcassets in Resources */,
			);
			runOnlyForDeploymentPostprocessing = 0;
		};
		83CE5A99282069A500BC2CD0 /* Resources */ = {
			isa = PBXResourcesBuildPhase;
			buildActionMask = 2147483647;
			files = (
				83CE5ABB282069A500BC2CD0 /* Assets.xcassets in Resources */,
			);
			runOnlyForDeploymentPostprocessing = 0;
		};
		83CE5AA0282069A500BC2CD0 /* Resources */ = {
			isa = PBXResourcesBuildPhase;
			buildActionMask = 2147483647;
			files = (
			);
			runOnlyForDeploymentPostprocessing = 0;
		};
		83CE5AAC282069A500BC2CD0 /* Resources */ = {
			isa = PBXResourcesBuildPhase;
			buildActionMask = 2147483647;
			files = (
			);
			runOnlyForDeploymentPostprocessing = 0;
		};
/* End PBXResourcesBuildPhase section */

/* Begin PBXSourcesBuildPhase section */
		83CE5A91282069A500BC2CD0 /* Sources */ = {
			isa = PBXSourcesBuildPhase;
			buildActionMask = 2147483647;
			files = (
				83CE5AB8282069A500BC2CD0 /* ContentView.swift in Sources */,
				83C35AD52838F44600928A5B /* scripts.swift in Sources */,
				83CE5AB6282069A500BC2CD0 /* LunchTimeApp.swift in Sources */,
			);
			runOnlyForDeploymentPostprocessing = 0;
		};
		83CE5A97282069A500BC2CD0 /* Sources */ = {
			isa = PBXSourcesBuildPhase;
			buildActionMask = 2147483647;
			files = (
				83CE5AB9282069A500BC2CD0 /* ContentView.swift in Sources */,
				83C35AD62838F44600928A5B /* scripts.swift in Sources */,
				83CE5AB7282069A500BC2CD0 /* LunchTimeApp.swift in Sources */,
			);
			runOnlyForDeploymentPostprocessing = 0;
		};
		83CE5A9E282069A500BC2CD0 /* Sources */ = {
			isa = PBXSourcesBuildPhase;
			buildActionMask = 2147483647;
			files = (
				83CE5AA9282069A500BC2CD0 /* Tests_iOSLaunchTests.swift in Sources */,
				83CE5AA7282069A500BC2CD0 /* Tests_iOS.swift in Sources */,
			);
			runOnlyForDeploymentPostprocessing = 0;
		};
		83CE5AAA282069A500BC2CD0 /* Sources */ = {
			isa = PBXSourcesBuildPhase;
			buildActionMask = 2147483647;
			files = (
				83CE5AB5282069A500BC2CD0 /* Tests_macOSLaunchTests.swift in Sources */,
				83CE5AB3282069A500BC2CD0 /* Tests_macOS.swift in Sources */,
			);
			runOnlyForDeploymentPostprocessing = 0;
		};
/* End PBXSourcesBuildPhase section */

/* Begin PBXTargetDependency section */
		83CE5AA4282069A500BC2CD0 /* PBXTargetDependency */ = {
			isa = PBXTargetDependency;
			target = 83CE5A94282069A500BC2CD0 /* LunchTime (iOS) */;
			targetProxy = 83CE5AA3282069A500BC2CD0 /* PBXContainerItemProxy */;
		};
		83CE5AB0282069A500BC2CD0 /* PBXTargetDependency */ = {
			isa = PBXTargetDependency;
			target = 83CE5A9A282069A500BC2CD0 /* LunchTime (macOS) */;
			targetProxy = 83CE5AAF282069A500BC2CD0 /* PBXContainerItemProxy */;
		};
/* End PBXTargetDependency section */

/* Begin XCBuildConfiguration section */
		83CE5ABC282069A500BC2CD0 /* Debug */ = {
			isa = XCBuildConfiguration;
			buildSettings = {
				ALWAYS_SEARCH_USER_PATHS = NO;
				CLANG_ANALYZER_NONNULL = YES;
				CLANG_ANALYZER_NUMBER_OBJECT_CONVERSION = YES_AGGRESSIVE;
				CLANG_CXX_LANGUAGE_STANDARD = "gnu++17";
				CLANG_ENABLE_MODULES = YES;
				CLANG_ENABLE_OBJC_ARC = YES;
				CLANG_ENABLE_OBJC_WEAK = YES;
				CLANG_WARN_BLOCK_CAPTURE_AUTORELEASING = YES;
				CLANG_WARN_BOOL_CONVERSION = YES;
				CLANG_WARN_COMMA = YES;
				CLANG_WARN_CONSTANT_CONVERSION = YES;
				CLANG_WARN_DEPRECATED_OBJC_IMPLEMENTATIONS = YES;
				CLANG_WARN_DIRECT_OBJC_ISA_USAGE = YES_ERROR;
				CLANG_WARN_DOCUMENTATION_COMMENTS = YES;
				CLANG_WARN_EMPTY_BODY = YES;
				CLANG_WARN_ENUM_CONVERSION = YES;
				CLANG_WARN_INFINITE_RECURSION = YES;
				CLANG_WARN_INT_CONVERSION = YES;
				CLANG_WARN_NON_LITERAL_NULL_CONVERSION = YES;
				CLANG_WARN_OBJC_IMPLICIT_RETAIN_SELF = YES;
				CLANG_WARN_OBJC_LITERAL_CONVERSION = YES;
				CLANG_WARN_OBJC_ROOT_CLASS = YES_ERROR;
				CLANG_WARN_QUOTED_INCLUDE_IN_FRAMEWORK_HEADER = YES;
				CLANG_WARN_RANGE_LOOP_ANALYSIS = YES;
				CLANG_WARN_STRICT_PROTOTYPES = YES;
				CLANG_WARN_SUSPICIOUS_MOVE = YES;
				CLANG_WARN_UNGUARDED_AVAILABILITY = YES_AGGRESSIVE;
				CLANG_WARN_UNREACHABLE_CODE = YES;
				CLANG_WARN__DUPLICATE_METHOD_MATCH = YES;
				COPY_PHASE_STRIP = NO;
				DEBUG_INFORMATION_FORMAT = dwarf;
				ENABLE_STRICT_OBJC_MSGSEND = YES;
				ENABLE_TESTABILITY = YES;
				GCC_C_LANGUAGE_STANDARD = gnu11;
				GCC_DYNAMIC_NO_PIC = NO;
				GCC_NO_COMMON_BLOCKS = YES;
				GCC_OPTIMIZATION_LEVEL = 0;
				GCC_PREPROCESSOR_DEFINITIONS = (
					"DEBUG=1",
					"$(inherited)",
				);
				GCC_WARN_64_TO_32_BIT_CONVERSION = YES;
				GCC_WARN_ABOUT_RETURN_TYPE = YES_ERROR;
				GCC_WARN_UNDECLARED_SELECTOR = YES;
				GCC_WARN_UNINITIALIZED_AUTOS = YES_AGGRESSIVE;
				GCC_WARN_UNUSED_FUNCTION = YES;
				GCC_WARN_UNUSED_VARIABLE = YES;
				MTL_ENABLE_DEBUG_INFO = INCLUDE_SOURCE;
				MTL_FAST_MATH = YES;
				ONLY_ACTIVE_ARCH = YES;
				SWIFT_ACTIVE_COMPILATION_CONDITIONS = DEBUG;
				SWIFT_OPTIMIZATION_LEVEL = "-Onone";
			};
			name = Debug;
		};
		83CE5ABD282069A500BC2CD0 /* Release */ = {
			isa = XCBuildConfiguration;
			buildSettings = {
				ALWAYS_SEARCH_USER_PATHS = NO;
				CLANG_ANALYZER_NONNULL = YES;
				CLANG_ANALYZER_NUMBER_OBJECT_CONVERSION = YES_AGGRESSIVE;
				CLANG_CXX_LANGUAGE_STANDARD = "gnu++17";
				CLANG_ENABLE_MODULES = YES;
				CLANG_ENABLE_OBJC_ARC = YES;
				CLANG_ENABLE_OBJC_WEAK = YES;
				CLANG_WARN_BLOCK_CAPTURE_AUTORELEASING = YES;
				CLANG_WARN_BOOL_CONVERSION = YES;
				CLANG_WARN_COMMA = YES;
				CLANG_WARN_CONSTANT_CONVERSION = YES;
				CLANG_WARN_DEPRECATED_OBJC_IMPLEMENTATIONS = YES;
				CLANG_WARN_DIRECT_OBJC_ISA_USAGE = YES_ERROR;
				CLANG_WARN_DOCUMENTATION_COMMENTS = YES;
				CLANG_WARN_EMPTY_BODY = YES;
				CLANG_WARN_ENUM_CONVERSION = YES;
				CLANG_WARN_INFINITE_RECURSION = YES;
				CLANG_WARN_INT_CONVERSION = YES;
				CLANG_WARN_NON_LITERAL_NULL_CONVERSION = YES;
				CLANG_WARN_OBJC_IMPLICIT_RETAIN_SELF = YES;
				CLANG_WARN_OBJC_LITERAL_CONVERSION = YES;
				CLANG_WARN_OBJC_ROOT_CLASS = YES_ERROR;
				CLANG_WARN_QUOTED_INCLUDE_IN_FRAMEWORK_HEADER = YES;
				CLANG_WARN_RANGE_LOOP_ANALYSIS = YES;
				CLANG_WARN_STRICT_PROTOTYPES = YES;
				CLANG_WARN_SUSPICIOUS_MOVE = YES;
				CLANG_WARN_UNGUARDED_AVAILABILITY = YES_AGGRESSIVE;
				CLANG_WARN_UNREACHABLE_CODE = YES;
				CLANG_WARN__DUPLICATE_METHOD_MATCH = YES;
				COPY_PHASE_STRIP = NO;
				DEBUG_INFORMATION_FORMAT = "dwarf-with-dsym";
				ENABLE_NS_ASSERTIONS = NO;
				ENABLE_STRICT_OBJC_MSGSEND = YES;
				GCC_C_LANGUAGE_STANDARD = gnu11;
				GCC_NO_COMMON_BLOCKS = YES;
				GCC_WARN_64_TO_32_BIT_CONVERSION = YES;
				GCC_WARN_ABOUT_RETURN_TYPE = YES_ERROR;
				GCC_WARN_UNDECLARED_SELECTOR = YES;
				GCC_WARN_UNINITIALIZED_AUTOS = YES_AGGRESSIVE;
				GCC_WARN_UNUSED_FUNCTION = YES;
				GCC_WARN_UNUSED_VARIABLE = YES;
				MTL_ENABLE_DEBUG_INFO = NO;
				MTL_FAST_MATH = YES;
				SWIFT_COMPILATION_MODE = wholemodule;
				SWIFT_OPTIMIZATION_LEVEL = "-O";
			};
			name = Release;
		};
		83CE5ABF282069A500BC2CD0 /* Debug */ = {
			isa = XCBuildConfiguration;
			buildSettings = {
				ASSETCATALOG_COMPILER_APPICON_NAME = AppIcon;
				ASSETCATALOG_COMPILER_GLOBAL_ACCENT_COLOR_NAME = AccentColor;
				CODE_SIGN_STYLE = Automatic;
				CURRENT_PROJECT_VERSION = 1;
				DEVELOPMENT_TEAM = 7D6NC7DGX2;
				ENABLE_PREVIEWS = YES;
				GENERATE_INFOPLIST_FILE = YES;
				INFOPLIST_FILE = "LunchTime--iOS--Info.plist";
				INFOPLIST_KEY_CFBundleDisplayName = LunchTime;
				INFOPLIST_KEY_UIApplicationSceneManifest_Generation = YES;
				INFOPLIST_KEY_UIApplicationSupportsIndirectInputEvents = YES;
				INFOPLIST_KEY_UILaunchScreen_Generation = YES;
				INFOPLIST_KEY_UISupportedInterfaceOrientations = UIInterfaceOrientationPortrait;
				INFOPLIST_KEY_UISupportedInterfaceOrientations_iPad = "UIInterfaceOrientationPortrait UIInterfaceOrientationPortraitUpsideDown UIInterfaceOrientationLandscapeLeft UIInterfaceOrientationLandscapeRight";
				INFOPLIST_KEY_UISupportedInterfaceOrientations_iPhone = "UIInterfaceOrientationPortrait UIInterfaceOrientationLandscapeLeft UIInterfaceOrientationLandscapeRight";
				IPHONEOS_DEPLOYMENT_TARGET = 15.4;
				LD_RUNPATH_SEARCH_PATHS = (
					"$(inherited)",
					"@executable_path/Frameworks",
				);
				MARKETING_VERSION = 1.0;
				PRODUCT_BUNDLE_IDENTIFIER = messager.LunchTime;
				PRODUCT_NAME = LunchTime;
				SDKROOT = iphoneos;
				SWIFT_EMIT_LOC_STRINGS = YES;
				SWIFT_VERSION = 5.0;
				TARGETED_DEVICE_FAMILY = "1,2";
			};
			name = Debug;
		};
		83CE5AC0282069A500BC2CD0 /* Release */ = {
			isa = XCBuildConfiguration;
			buildSettings = {
				ASSETCATALOG_COMPILER_APPICON_NAME = AppIcon;
				ASSETCATALOG_COMPILER_GLOBAL_ACCENT_COLOR_NAME = AccentColor;
				CODE_SIGN_STYLE = Automatic;
				CURRENT_PROJECT_VERSION = 1;
				DEVELOPMENT_TEAM = 7D6NC7DGX2;
				ENABLE_PREVIEWS = YES;
				GENERATE_INFOPLIST_FILE = YES;
				INFOPLIST_FILE = "LunchTime--iOS--Info.plist";
				INFOPLIST_KEY_CFBundleDisplayName = LunchTime;
				INFOPLIST_KEY_UIApplicationSceneManifest_Generation = YES;
				INFOPLIST_KEY_UIApplicationSupportsIndirectInputEvents = YES;
				INFOPLIST_KEY_UILaunchScreen_Generation = YES;
				INFOPLIST_KEY_UISupportedInterfaceOrientations = UIInterfaceOrientationPortrait;
				INFOPLIST_KEY_UISupportedInterfaceOrientations_iPad = "UIInterfaceOrientationPortrait UIInterfaceOrientationPortraitUpsideDown UIInterfaceOrientationLandscapeLeft UIInterfaceOrientationLandscapeRight";
				INFOPLIST_KEY_UISupportedInterfaceOrientations_iPhone = "UIInterfaceOrientationPortrait UIInterfaceOrientationLandscapeLeft UIInterfaceOrientationLandscapeRight";
				IPHONEOS_DEPLOYMENT_TARGET = 15.4;
				LD_RUNPATH_SEARCH_PATHS = (
					"$(inherited)",
					"@executable_path/Frameworks",
				);
				MARKETING_VERSION = 1.0;
				PRODUCT_BUNDLE_IDENTIFIER = messager.LunchTime;
				PRODUCT_NAME = LunchTime;
				SDKROOT = iphoneos;
				SWIFT_EMIT_LOC_STRINGS = YES;
				SWIFT_VERSION = 5.0;
				TARGETED_DEVICE_FAMILY = "1,2";
				VALIDATE_PRODUCT = YES;
			};
			name = Release;
		};
		83CE5AC2282069A500BC2CD0 /* Debug */ = {
			isa = XCBuildConfiguration;
			buildSettings = {
				ASSETCATALOG_COMPILER_APPICON_NAME = AppIcon;
				ASSETCATALOG_COMPILER_GLOBAL_ACCENT_COLOR_NAME = AccentColor;
				CODE_SIGN_ENTITLEMENTS = macOS/macOS.entitlements;
				CODE_SIGN_IDENTITY = "-";
				CODE_SIGN_STYLE = Automatic;
				COMBINE_HIDPI_IMAGES = YES;
				CURRENT_PROJECT_VERSION = 1;
				ENABLE_PREVIEWS = YES;
				GENERATE_INFOPLIST_FILE = YES;
				INFOPLIST_KEY_NSHumanReadableCopyright = "";
				LD_RUNPATH_SEARCH_PATHS = (
					"$(inherited)",
					"@executable_path/../Frameworks",
				);
				MACOSX_DEPLOYMENT_TARGET = 12.3;
				MARKETING_VERSION = 1.0;
				PRODUCT_BUNDLE_IDENTIFIER = messager.LunchTime;
				PRODUCT_NAME = LunchTime;
				SDKROOT = macosx;
				SWIFT_EMIT_LOC_STRINGS = YES;
				SWIFT_VERSION = 5.0;
			};
			name = Debug;
		};
		83CE5AC3282069A500BC2CD0 /* Release */ = {
			isa = XCBuildConfiguration;
			buildSettings = {
				ASSETCATALOG_COMPILER_APPICON_NAME = AppIcon;
				ASSETCATALOG_COMPILER_GLOBAL_ACCENT_COLOR_NAME = AccentColor;
				CODE_SIGN_ENTITLEMENTS = macOS/macOS.entitlements;
				CODE_SIGN_IDENTITY = "-";
				CODE_SIGN_STYLE = Automatic;
				COMBINE_HIDPI_IMAGES = YES;
				CURRENT_PROJECT_VERSION = 1;
				ENABLE_PREVIEWS = YES;
				GENERATE_INFOPLIST_FILE = YES;
				INFOPLIST_KEY_NSHumanReadableCopyright = "";
				LD_RUNPATH_SEARCH_PATHS = (
					"$(inherited)",
					"@executable_path/../Frameworks",
				);
				MACOSX_DEPLOYMENT_TARGET = 12.3;
				MARKETING_VERSION = 1.0;
				PRODUCT_BUNDLE_IDENTIFIER = messager.LunchTime;
				PRODUCT_NAME = LunchTime;
				SDKROOT = macosx;
				SWIFT_EMIT_LOC_STRINGS = YES;
				SWIFT_VERSION = 5.0;
			};
			name = Release;
		};
		83CE5AC5282069A500BC2CD0 /* Debug */ = {
			isa = XCBuildConfiguration;
			buildSettings = {
				ALWAYS_EMBED_SWIFT_STANDARD_LIBRARIES = YES;
				CODE_SIGN_STYLE = Automatic;
				CURRENT_PROJECT_VERSION = 1;
				GENERATE_INFOPLIST_FILE = YES;
				IPHONEOS_DEPLOYMENT_TARGET = 15.4;
				MARKETING_VERSION = 1.0;
				PRODUCT_BUNDLE_IDENTIFIER = "messager.Tests-iOS";
				PRODUCT_NAME = "$(TARGET_NAME)";
				SDKROOT = iphoneos;
				SWIFT_EMIT_LOC_STRINGS = NO;
				SWIFT_VERSION = 5.0;
				TARGETED_DEVICE_FAMILY = "1,2";
				TEST_TARGET_NAME = "LunchTime (iOS)";
			};
			name = Debug;
		};
		83CE5AC6282069A500BC2CD0 /* Release */ = {
			isa = XCBuildConfiguration;
			buildSettings = {
				ALWAYS_EMBED_SWIFT_STANDARD_LIBRARIES = YES;
				CODE_SIGN_STYLE = Automatic;
				CURRENT_PROJECT_VERSION = 1;
				GENERATE_INFOPLIST_FILE = YES;
				IPHONEOS_DEPLOYMENT_TARGET = 15.4;
				MARKETING_VERSION = 1.0;
				PRODUCT_BUNDLE_IDENTIFIER = "messager.Tests-iOS";
				PRODUCT_NAME = "$(TARGET_NAME)";
				SDKROOT = iphoneos;
				SWIFT_EMIT_LOC_STRINGS = NO;
				SWIFT_VERSION = 5.0;
				TARGETED_DEVICE_FAMILY = "1,2";
				TEST_TARGET_NAME = "LunchTime (iOS)";
				VALIDATE_PRODUCT = YES;
			};
			name = Release;
		};
		83CE5AC8282069A500BC2CD0 /* Debug */ = {
			isa = XCBuildConfiguration;
			buildSettings = {
				ALWAYS_EMBED_SWIFT_STANDARD_LIBRARIES = YES;
				CODE_SIGN_STYLE = Automatic;
				CURRENT_PROJECT_VERSION = 1;
				GENERATE_INFOPLIST_FILE = YES;
				MACOSX_DEPLOYMENT_TARGET = 12.3;
				MARKETING_VERSION = 1.0;
				PRODUCT_BUNDLE_IDENTIFIER = "messager.Tests-macOS";
				PRODUCT_NAME = "$(TARGET_NAME)";
				SDKROOT = macosx;
				SWIFT_EMIT_LOC_STRINGS = NO;
				SWIFT_VERSION = 5.0;
				TEST_TARGET_NAME = "LunchTime (macOS)";
			};
			name = Debug;
		};
		83CE5AC9282069A500BC2CD0 /* Release */ = {
			isa = XCBuildConfiguration;
			buildSettings = {
				ALWAYS_EMBED_SWIFT_STANDARD_LIBRARIES = YES;
				CODE_SIGN_STYLE = Automatic;
				CURRENT_PROJECT_VERSION = 1;
				GENERATE_INFOPLIST_FILE = YES;
				MACOSX_DEPLOYMENT_TARGET = 12.3;
				MARKETING_VERSION = 1.0;
				PRODUCT_BUNDLE_IDENTIFIER = "messager.Tests-macOS";
				PRODUCT_NAME = "$(TARGET_NAME)";
				SDKROOT = macosx;
				SWIFT_EMIT_LOC_STRINGS = NO;
				SWIFT_VERSION = 5.0;
				TEST_TARGET_NAME = "LunchTime (macOS)";
			};
			name = Release;
		};
/* End XCBuildConfiguration section */

/* Begin XCConfigurationList section */
		83CE5A8C282069A400BC2CD0 /* Build configuration list for PBXProject "LunchTime" */ = {
			isa = XCConfigurationList;
			buildConfigurations = (
				83CE5ABC282069A500BC2CD0 /* Debug */,
				83CE5ABD282069A500BC2CD0 /* Release */,
			);
			defaultConfigurationIsVisible = 0;
			defaultConfigurationName = Release;
		};
		83CE5ABE282069A500BC2CD0 /* Build configuration list for PBXNativeTarget "LunchTime (iOS)" */ = {
			isa = XCConfigurationList;
			buildConfigurations = (
				83CE5ABF282069A500BC2CD0 /* Debug */,
				83CE5AC0282069A500BC2CD0 /* Release */,
			);
			defaultConfigurationIsVisible = 0;
			defaultConfigurationName = Release;
		};
		83CE5AC1282069A500BC2CD0 /* Build configuration list for PBXNativeTarget "LunchTime (macOS)" */ = {
			isa = XCConfigurationList;
			buildConfigurations = (
				83CE5AC2282069A500BC2CD0 /* Debug */,
				83CE5AC3282069A500BC2CD0 /* Release */,
			);
			defaultConfigurationIsVisible = 0;
			defaultConfigurationName = Release;
		};
		83CE5AC4282069A500BC2CD0 /* Build configuration list for PBXNativeTarget "Tests iOS" */ = {
			isa = XCConfigurationList;
			buildConfigurations = (
				83CE5AC5282069A500BC2CD0 /* Debug */,
				83CE5AC6282069A500BC2CD0 /* Release */,
			);
			defaultConfigurationIsVisible = 0;
			defaultConfigurationName = Release;
		};
		83CE5AC7282069A500BC2CD0 /* Build configuration list for PBXNativeTarget "Tests macOS" */ = {
			isa = XCConfigurationList;
			buildConfigurations = (
				83CE5AC8282069A500BC2CD0 /* Debug */,
				83CE5AC9282069A500BC2CD0 /* Release */,
			);
			defaultConfigurationIsVisible = 0;
			defaultConfigurationName = Release;
		};
/* End XCConfigurationList section */
	};
	rootObject = 83CE5A89282069A400BC2CD0 /* Project object */;
}
